PODS:
  - Flutter (1.0.0)
  - imgly_camera (1.76.0):
    - Flutter
    - IMGLYCamera (= 1.76.0)
  - IMGLYCamera (1.76.0):
    - IMGLYCoreUI (= 1.76.0)
  - IMGLYCore (1.76.0):
    - IMGLYEngine (= 1.76.0)
  - IMGLYCoreUI (1.76.0):
    - IMGLYCore (= 1.76.0)
    - Kingfisher (>= 7.10.0)
    - SwiftUIIntrospect (~> 1.1.2)
  - IMGLYEngine (1.76.0)
  - integration_test (0.0.1):
    - Flutter
  - Kingfisher (8.10.0)
  - SwiftUIIntrospect (1.1.4)

DEPENDENCIES:
  - Flutter (from `Flutter`)
  - imgly_camera (from `.symlinks/plugins/imgly_camera/ios`)
  - integration_test (from `.symlinks/plugins/integration_test/ios`)

SPEC REPOS:
  trunk:
    - IMGLYCamera
    - IMGLYCore
    - IMGLYCoreUI
    - IMGLYEngine
    - Kingfisher
    - SwiftUIIntrospect

EXTERNAL SOURCES:
  Flutter:
    :path: Flutter
  imgly_camera:
    :path: ".symlinks/plugins/imgly_camera/ios"
  integration_test:
    :path: ".symlinks/plugins/integration_test/ios"

SPEC CHECKSUMS:
  Flutter: e0871f40cf51350855a761d2e70bf5af5b9b5de7
  imgly_camera: 2680d8e48a2944d912e728b79f87924a4eccd459
  IMGLYCamera: 2470ca50a84892dad7c0118131e2cdd1747ac8e9
  IMGLYCore: 887b62efc0add65b6d06c2574deff2cbca24be43
  IMGLYCoreUI: 084ceffecc904446eb5b17d0979014bb3cc02109
  IMGLYEngine: 1a029abdc14e1227a65b39e6f62068189a71d816
  integration_test: 4a889634ef21a45d28d50d622cf412dc6d9f586e
  Kingfisher: db468f911dd666c9134dcbeec4db8bed52e4132d
  SwiftUIIntrospect: 434b406dc6f5e30744bb6e180f90343f6a8eba8c

PODFILE CHECKSUM: 4c438addb11b6da45ed7ae408823d68256222460

COCOAPODS: 1.16.2
