PODS:
  - Flutter (1.0.0)
  - imgly_camera (1.77.0):
    - Flutter
    - IMGLYCamera (= 1.77.0)
  - IMGLYCamera (1.77.0):
    - IMGLYCoreUI (= 1.77.0)
  - IMGLYCore (1.77.0):
    - IMGLYEngine (= 1.77.0)
  - IMGLYCoreUI (1.77.0):
    - IMGLYCore (= 1.77.0)
    - Kingfisher (>= 7.10.0)
    - SwiftUIIntrospect (~> 1.1.2)
  - IMGLYEngine (1.77.0)
  - integration_test (0.0.1):
    - Flutter
  - Kingfisher (8.10.0)
  - SwiftUIIntrospect (1.1.4)

DEPENDENCIES:
  - Flutter (from `Flutter`)
  - imgly_camera (from `.symlinks/plugins/imgly_camera/ios`)
  - integration_test (from `.symlinks/plugins/integration_test/ios`)

SPEC REPOS:
  trunk:
    - IMGLYCamera
    - IMGLYCore
    - IMGLYCoreUI
    - IMGLYEngine
    - Kingfisher
    - SwiftUIIntrospect

EXTERNAL SOURCES:
  Flutter:
    :path: Flutter
  imgly_camera:
    :path: ".symlinks/plugins/imgly_camera/ios"
  integration_test:
    :path: ".symlinks/plugins/integration_test/ios"

SPEC CHECKSUMS:
  Flutter: e0871f40cf51350855a761d2e70bf5af5b9b5de7
  imgly_camera: 8100b498b3588c0d504e3c0376d1889baf7cbf09
  IMGLYCamera: bd2659d79683dc947e8d10da43da55974eaa1581
  IMGLYCore: 462e5d091a0caed7896fb0c6d9cf72c3117bfadf
  IMGLYCoreUI: 29868867763dad79a76929f1c115445c0132413a
  IMGLYEngine: f6ae666978940d36ec24473f8078e3e4d9212fbd
  integration_test: 4a889634ef21a45d28d50d622cf412dc6d9f586e
  Kingfisher: db468f911dd666c9134dcbeec4db8bed52e4132d
  SwiftUIIntrospect: 434b406dc6f5e30744bb6e180f90343f6a8eba8c

PODFILE CHECKSUM: 4c438addb11b6da45ed7ae408823d68256222460

COCOAPODS: 1.16.2
